
Microsoft Visual Studio Solution File, Format Version 12.00
# Visual Studio 15
VisualStudioVersion = 15.0.26430.12
MinimumVisualStudioVersion = 10.0.40219.1
Project("{2150E333-8FDC-42A3-9474-1A3956D46DE8}") = "src", "src", "{4CDECCAA-A234-4A05-BD98-42E413E3AE8F}"
EndProject
Project("{9A19103F-16F7-4668-BE54-9A1E7A4F7556}") = "blogtest.Mvc", "src\blogtest.Mvc\blogtest.Mvc.csproj", "{991F271B-BD47-4F55-8F0F-6C228FAF3471}"
EndProject
Project("{2150E333-8FDC-42A3-9474-1A3956D46DE8}") = "IdentittyServer", "IdentittyServer", "{8FE1C25D-709F-4F4F-AEEB-AE86450F0E43}"
EndProject
Project("{9A19103F-16F7-4668-BE54-9A1E7A4F7556}") = "IdentityServerWithAspNetIdentity", "src\IdentityServerWithAspNetIdentity\IdentityServerWithAspNetIdentity.csproj", "{7999E9B0-0DF6-4647-B9D0-45DB34F6B4D4}"
EndProject
Project("{FAE04EC0-301F-11D3-BF4B-00C04F79EFBC}") = "blogtest.DAL", "blogtest.DAL\blogtest.DAL.csproj", "{232D6564-AE01-4C89-8122-148420286716}"
EndProject
Project("{FAE04EC0-301F-11D3-BF4B-00C04F79EFBC}") = "blogtest.BLL", "blogtest.BLL\blogtest.BLL.csproj", "{F3AF9E10-CD7B-47D0-BB62-843FACA0B134}"
EndProject
Project("{FAE04EC0-301F-11D3-BF4B-00C04F79EFBC}") = "blogtest.Common", "blogtest.Common\blogtest.Common.csproj", "{8AFC6DAA-C383-4468-8EA6-9C1F225D2DE6}"
EndProject
Project("{FAE04EC0-301F-11D3-BF4B-00C04F79EFBC}") = "blogtest.Bootstrap", "blogtest.Bootstrap\blogtest.Bootstrap.csproj", "{4F403581-F9F9-4274-8960-F6FD68DDA083}"
EndProject
Project("{FAE04EC0-301F-11D3-BF4B-00C04F79EFBC}") = "Test", "Test\Test.csproj", "{DDA1C1C7-BEBD-4A03-B43D-6909819E9ED2}"
EndProject
Global
	GlobalSection(SolutionConfigurationPlatforms) = preSolution
		Debug|Any CPU = Debug|Any CPU
		Release|Any CPU = Release|Any CPU
	EndGlobalSection
	GlobalSection(ProjectConfigurationPlatforms) = postSolution
		{991F271B-BD47-4F55-8F0F-6C228FAF3471}.Debug|Any CPU.ActiveCfg = Debug|Any CPU
		{991F271B-BD47-4F55-8F0F-6C228FAF3471}.Debug|Any CPU.Build.0 = Debug|Any CPU
		{991F271B-BD47-4F55-8F0F-6C228FAF3471}.Release|Any CPU.ActiveCfg = Release|Any CPU
		{991F271B-BD47-4F55-8F0F-6C228FAF3471}.Release|Any CPU.Build.0 = Release|Any CPU
		{7999E9B0-0DF6-4647-B9D0-45DB34F6B4D4}.Debug|Any CPU.ActiveCfg = Debug|Any CPU
		{7999E9B0-0DF6-4647-B9D0-45DB34F6B4D4}.Debug|Any CPU.Build.0 = Debug|Any CPU
		{7999E9B0-0DF6-4647-B9D0-45DB34F6B4D4}.Release|Any CPU.ActiveCfg = Release|Any CPU
		{7999E9B0-0DF6-4647-B9D0-45DB34F6B4D4}.Release|Any CPU.Build.0 = Release|Any CPU
		{232D6564-AE01-4C89-8122-148420286716}.Debug|Any CPU.ActiveCfg = Debug|Any CPU
		{232D6564-AE01-4C89-8122-148420286716}.Debug|Any CPU.Build.0 = Debug|Any CPU
		{232D6564-AE01-4C89-8122-148420286716}.Release|Any CPU.ActiveCfg = Release|Any CPU
		{232D6564-AE01-4C89-8122-148420286716}.Release|Any CPU.Build.0 = Release|Any CPU
		{F3AF9E10-CD7B-47D0-BB62-843FACA0B134}.Debug|Any CPU.ActiveCfg = Debug|Any CPU
		{F3AF9E10-CD7B-47D0-BB62-843FACA0B134}.Debug|Any CPU.Build.0 = Debug|Any CPU
		{F3AF9E10-CD7B-47D0-BB62-843FACA0B134}.Release|Any CPU.ActiveCfg = Release|Any CPU
		{F3AF9E10-CD7B-47D0-BB62-843FACA0B134}.Release|Any CPU.Build.0 = Release|Any CPU
		{8AFC6DAA-C383-4468-8EA6-9C1F225D2DE6}.Debug|Any CPU.ActiveCfg = Debug|Any CPU
		{8AFC6DAA-C383-4468-8EA6-9C1F225D2DE6}.Debug|Any CPU.Build.0 = Debug|Any CPU
		{8AFC6DAA-C383-4468-8EA6-9C1F225D2DE6}.Release|Any CPU.ActiveCfg = Release|Any CPU
		{8AFC6DAA-C383-4468-8EA6-9C1F225D2DE6}.Release|Any CPU.Build.0 = Release|Any CPU
		{4F403581-F9F9-4274-8960-F6FD68DDA083}.Debug|Any CPU.ActiveCfg = Debug|Any CPU
		{4F403581-F9F9-4274-8960-F6FD68DDA083}.Debug|Any CPU.Build.0 = Debug|Any CPU
		{4F403581-F9F9-4274-8960-F6FD68DDA083}.Release|Any CPU.ActiveCfg = Release|Any CPU
		{4F403581-F9F9-4274-8960-F6FD68DDA083}.Release|Any CPU.Build.0 = Release|Any CPU
		{DDA1C1C7-BEBD-4A03-B43D-6909819E9ED2}.Debug|Any CPU.ActiveCfg = Debug|Any CPU
		{DDA1C1C7-BEBD-4A03-B43D-6909819E9ED2}.Debug|Any CPU.Build.0 = Debug|Any CPU
		{DDA1C1C7-BEBD-4A03-B43D-6909819E9ED2}.Release|Any CPU.ActiveCfg = Release|Any CPU
		{DDA1C1C7-BEBD-4A03-B43D-6909819E9ED2}.Release|Any CPU.Build.0 = Release|Any CPU
	EndGlobalSection
	GlobalSection(SolutionProperties) = preSolution
		HideSolutionNode = FALSE
	EndGlobalSection
	GlobalSection(NestedProjects) = preSolution
		{991F271B-BD47-4F55-8F0F-6C228FAF3471} = {4CDECCAA-A234-4A05-BD98-42E413E3AE8F}
		{8FE1C25D-709F-4F4F-AEEB-AE86450F0E43} = {4CDECCAA-A234-4A05-BD98-42E413E3AE8F}
		{7999E9B0-0DF6-4647-B9D0-45DB34F6B4D4} = {8FE1C25D-709F-4F4F-AEEB-AE86450F0E43}
		{232D6564-AE01-4C89-8122-148420286716} = {4CDECCAA-A234-4A05-BD98-42E413E3AE8F}
		{F3AF9E10-CD7B-47D0-BB62-843FACA0B134} = {4CDECCAA-A234-4A05-BD98-42E413E3AE8F}
		{8AFC6DAA-C383-4468-8EA6-9C1F225D2DE6} = {4CDECCAA-A234-4A05-BD98-42E413E3AE8F}
		{4F403581-F9F9-4274-8960-F6FD68DDA083} = {4CDECCAA-A234-4A05-BD98-42E413E3AE8F}
		{DDA1C1C7-BEBD-4A03-B43D-6909819E9ED2} = {4CDECCAA-A234-4A05-BD98-42E413E3AE8F}
	EndGlobalSection
EndGlobal
