
Microsoft Visual Studio Solution File, Format Version 12.00
# Visual Studio 15
VisualStudioVersion = 15.0.26403.7
MinimumVisualStudioVersion = 10.0.40219.1
Project("{2150E333-8FDC-42A3-9474-1A3956D46DE8}") = "src", "src", "{4CDECCAA-A234-4A05-BD98-42E413E3AE8F}"
EndProject
Project("{2150E333-8FDC-42A3-9474-1A3956D46DE8}") = "IdentittyServer", "IdentittyServer", "{8FE1C25D-709F-4F4F-AEEB-AE86450F0E43}"
EndProject
Project("{9A19103F-16F7-4668-BE54-9A1E7A4F7556}") = "IdentityServerWithAspNetIdentity", "src\IdentityServerWithAspNetIdentity\IdentityServerWithAspNetIdentity.csproj", "{7999E9B0-0DF6-4647-B9D0-45DB34F6B4D4}"
EndProject
Project("{9A19103F-16F7-4668-BE54-9A1E7A4F7556}") = "blogtest.DAL", "blogtest.DAL\blogtest.DAL.csproj", "{232D6564-AE01-4C89-8122-148420286716}"
EndProject
Project("{9A19103F-16F7-4668-BE54-9A1E7A4F7556}") = "blogtest.BLL", "blogtest.BLL\blogtest.BLL.csproj", "{F3AF9E10-CD7B-47D0-BB62-843FACA0B134}"
EndProject
Project("{9A19103F-16F7-4668-BE54-9A1E7A4F7556}") = "blogtest.MvcApp", "blogtest.MvcApp\blogtest.MvcApp.csproj", "{72EB33E9-E2A8-47DD-BF3F-0013E1CD1233}"
EndProject
Project("{9A19103F-16F7-4668-BE54-9A1E7A4F7556}") = "blogtest.Common", "blogtest.Common\blogtest.Common.csproj", "{CA05EDCC-1DDD-4396-823D-1F1154B0506C}"
EndProject
Project("{9A19103F-16F7-4668-BE54-9A1E7A4F7556}") = "blogtest.Entities", "blogtest.Entities\blogtest.Entities.csproj", "{2938BE81-85CD-478F-B138-3D2B3CF6B4A3}"
EndProject
Global
	GlobalSection(SolutionConfigurationPlatforms) = preSolution
		Debug|Any CPU = Debug|Any CPU
		Release|Any CPU = Release|Any CPU
	EndGlobalSection
	GlobalSection(ProjectConfigurationPlatforms) = postSolution
		{7999E9B0-0DF6-4647-B9D0-45DB34F6B4D4}.Debug|Any CPU.ActiveCfg = Debug|Any CPU
		{7999E9B0-0DF6-4647-B9D0-45DB34F6B4D4}.Debug|Any CPU.Build.0 = Debug|Any CPU
		{7999E9B0-0DF6-4647-B9D0-45DB34F6B4D4}.Release|Any CPU.ActiveCfg = Release|Any CPU
		{7999E9B0-0DF6-4647-B9D0-45DB34F6B4D4}.Release|Any CPU.Build.0 = Release|Any CPU
		{232D6564-AE01-4C89-8122-148420286716}.Debug|Any CPU.ActiveCfg = Debug|Any CPU
		{232D6564-AE01-4C89-8122-148420286716}.Debug|Any CPU.Build.0 = Debug|Any CPU
		{232D6564-AE01-4C89-8122-148420286716}.Release|Any CPU.ActiveCfg = Release|Any CPU
		{232D6564-AE01-4C89-8122-148420286716}.Release|Any CPU.Build.0 = Release|Any CPU
		{F3AF9E10-CD7B-47D0-BB62-843FACA0B134}.Debug|Any CPU.ActiveCfg = Debug|Any CPU
		{F3AF9E10-CD7B-47D0-BB62-843FACA0B134}.Debug|Any CPU.Build.0 = Debug|Any CPU
		{F3AF9E10-CD7B-47D0-BB62-843FACA0B134}.Release|Any CPU.ActiveCfg = Release|Any CPU
		{F3AF9E10-CD7B-47D0-BB62-843FACA0B134}.Release|Any CPU.Build.0 = Release|Any CPU
		{72EB33E9-E2A8-47DD-BF3F-0013E1CD1233}.Debug|Any CPU.ActiveCfg = Debug|Any CPU
		{72EB33E9-E2A8-47DD-BF3F-0013E1CD1233}.Debug|Any CPU.Build.0 = Debug|Any CPU
		{72EB33E9-E2A8-47DD-BF3F-0013E1CD1233}.Release|Any CPU.ActiveCfg = Release|Any CPU
		{72EB33E9-E2A8-47DD-BF3F-0013E1CD1233}.Release|Any CPU.Build.0 = Release|Any CPU
		{CA05EDCC-1DDD-4396-823D-1F1154B0506C}.Debug|Any CPU.ActiveCfg = Debug|Any CPU
		{CA05EDCC-1DDD-4396-823D-1F1154B0506C}.Debug|Any CPU.Build.0 = Debug|Any CPU
		{CA05EDCC-1DDD-4396-823D-1F1154B0506C}.Release|Any CPU.ActiveCfg = Release|Any CPU
		{CA05EDCC-1DDD-4396-823D-1F1154B0506C}.Release|Any CPU.Build.0 = Release|Any CPU
		{2938BE81-85CD-478F-B138-3D2B3CF6B4A3}.Debug|Any CPU.ActiveCfg = Debug|Any CPU
		{2938BE81-85CD-478F-B138-3D2B3CF6B4A3}.Debug|Any CPU.Build.0 = Debug|Any CPU
		{2938BE81-85CD-478F-B138-3D2B3CF6B4A3}.Release|Any CPU.ActiveCfg = Release|Any CPU
		{2938BE81-85CD-478F-B138-3D2B3CF6B4A3}.Release|Any CPU.Build.0 = Release|Any CPU
	EndGlobalSection
	GlobalSection(SolutionProperties) = preSolution
		HideSolutionNode = FALSE
	EndGlobalSection
	GlobalSection(NestedProjects) = preSolution
		{8FE1C25D-709F-4F4F-AEEB-AE86450F0E43} = {4CDECCAA-A234-4A05-BD98-42E413E3AE8F}
		{7999E9B0-0DF6-4647-B9D0-45DB34F6B4D4} = {8FE1C25D-709F-4F4F-AEEB-AE86450F0E43}
		{232D6564-AE01-4C89-8122-148420286716} = {4CDECCAA-A234-4A05-BD98-42E413E3AE8F}
		{F3AF9E10-CD7B-47D0-BB62-843FACA0B134} = {4CDECCAA-A234-4A05-BD98-42E413E3AE8F}
		{72EB33E9-E2A8-47DD-BF3F-0013E1CD1233} = {4CDECCAA-A234-4A05-BD98-42E413E3AE8F}
		{CA05EDCC-1DDD-4396-823D-1F1154B0506C} = {4CDECCAA-A234-4A05-BD98-42E413E3AE8F}
		{2938BE81-85CD-478F-B138-3D2B3CF6B4A3} = {4CDECCAA-A234-4A05-BD98-42E413E3AE8F}
	EndGlobalSection
EndGlobal
